
Microsoft Visual Studio Solution File, Format Version 12.00
# Visual Studio 15
VisualStudioVersion = 15.0.27130.2036
MinimumVisualStudioVersion = 10.0.40219.1
Project("{FAE04EC0-301F-11D3-BF4B-00C04F79EFBC}") = "BL", "BL\BL.csproj", "{56282F22-504D-4A9B-86CB-536D28D9F053}"
EndProject
Project("{FAE04EC0-301F-11D3-BF4B-00C04F79EFBC}") = "DL", "DL\DL.csproj", "{89D09473-977A-44F3-9C6D-AAD026AF53B4}"
EndProject
Project("{FAE04EC0-301F-11D3-BF4B-00C04F79EFBC}") = "UIWpf", "UIWpf\UIWpf.csproj", "{DFBD2116-7EB1-4448-BD8E-62247E769B9D}"
EndProject
Project("{FAE04EC0-301F-11D3-BF4B-00C04F79EFBC}") = "UI_Ver2", "UI_Ver2\UI_Ver2.csproj", "{10C26C25-E3F2-4072-9268-CECBC0507C4E}"
EndProject
Project("{2150E333-8FDC-42A3-9474-1A3956D46DE8}") = "XmlFile", "XmlFile", "{D6FC74A1-4047-488D-8084-E58A24C113FB}"
	ProjectSection(SolutionItems) = preProject
		Config.xml = Config.xml
		Testers.xml = Testers.xml
		Tests.xml = Tests.xml
		Trainees.xml = Trainees.xml
	EndProjectSection
EndProject
Global
	GlobalSection(SolutionConfigurationPlatforms) = preSolution
		Debug|Any CPU = Debug|Any CPU
		Release|Any CPU = Release|Any CPU
	EndGlobalSection
	GlobalSection(ProjectConfigurationPlatforms) = postSolution
		{56282F22-504D-4A9B-86CB-536D28D9F053}.Debug|Any CPU.ActiveCfg = Debug|Any CPU
		{56282F22-504D-4A9B-86CB-536D28D9F053}.Debug|Any CPU.Build.0 = Debug|Any CPU
		{56282F22-504D-4A9B-86CB-536D28D9F053}.Release|Any CPU.ActiveCfg = Release|Any CPU
		{56282F22-504D-4A9B-86CB-536D28D9F053}.Release|Any CPU.Build.0 = Release|Any CPU
		{89D09473-977A-44F3-9C6D-AAD026AF53B4}.Debug|Any CPU.ActiveCfg = Debug|Any CPU
		{89D09473-977A-44F3-9C6D-AAD026AF53B4}.Debug|Any CPU.Build.0 = Debug|Any CPU
		{89D09473-977A-44F3-9C6D-AAD026AF53B4}.Release|Any CPU.ActiveCfg = Release|Any CPU
		{89D09473-977A-44F3-9C6D-AAD026AF53B4}.Release|Any CPU.Build.0 = Release|Any CPU
		{DFBD2116-7EB1-4448-BD8E-62247E769B9D}.Debug|Any CPU.ActiveCfg = Debug|Any CPU
		{DFBD2116-7EB1-4448-BD8E-62247E769B9D}.Debug|Any CPU.Build.0 = Debug|Any CPU
		{DFBD2116-7EB1-4448-BD8E-62247E769B9D}.Release|Any CPU.ActiveCfg = Release|Any CPU
		{DFBD2116-7EB1-4448-BD8E-62247E769B9D}.Release|Any CPU.Build.0 = Release|Any CPU
		{10C26C25-E3F2-4072-9268-CECBC0507C4E}.Debug|Any CPU.ActiveCfg = Debug|Any CPU
		{10C26C25-E3F2-4072-9268-CECBC0507C4E}.Debug|Any CPU.Build.0 = Debug|Any CPU
		{10C26C25-E3F2-4072-9268-CECBC0507C4E}.Release|Any CPU.ActiveCfg = Release|Any CPU
		{10C26C25-E3F2-4072-9268-CECBC0507C4E}.Release|Any CPU.Build.0 = Release|Any CPU
	EndGlobalSection
	GlobalSection(SolutionProperties) = preSolution
		HideSolutionNode = FALSE
	EndGlobalSection
	GlobalSection(ExtensibilityGlobals) = postSolution
		SolutionGuid = {9FF23090-CE7C-479D-A79A-21F19DE2F87B}
	EndGlobalSection
EndGlobal
